
Microsoft Visual Studio Solution File, Format Version 12.00
# Visual Studio Version 17
VisualStudioVersion = 17.14.36623.8
MinimumVisualStudioVersion = 10.0.40219.1
Project("{FAE04EC0-301F-11D3-BF4B-00C04F79EFBC}") = "UsertestWebAPI", "UsertestWebAPI\UsertestWebAPI.csproj", "{170F520A-43CE-4D2C-8E2A-A8E899782162}"
	ProjectSection(ProjectDependencies) = postProject
		{071FF408-A86D-45A1-AC44-C4B736A6F4B8} = {071FF408-A86D-45A1-AC44-C4B736A6F4B8}
	EndProjectSection
EndProject
Project("{FAE04EC0-301F-11D3-BF4B-00C04F79EFBC}") = "Domain", "Domain\Domain.csproj", "{071FF408-A86D-45A1-AC44-C4B736A6F4B8}"
EndProject
Project("{FAE04EC0-301F-11D3-BF4B-00C04F79EFBC}") = "Application", "Application\Application.csproj", "{E1D318DF-C903-4185-9443-4E0C9B97EFF3}"
EndProject
Project("{FAE04EC0-301F-11D3-BF4B-00C04F79EFBC}") = "Infrastructure", "Infrastructure\Infrastructure.csproj", "{269BDB7D-BB5A-4D1C-BBFF-23AEF9E119A2}"
EndProject
Global
	GlobalSection(SolutionConfigurationPlatforms) = preSolution
		Debug|Any CPU = Debug|Any CPU
		Release|Any CPU = Release|Any CPU
	EndGlobalSection
	GlobalSection(ProjectConfigurationPlatforms) = postSolution
		{170F520A-43CE-4D2C-8E2A-A8E899782162}.Debug|Any CPU.ActiveCfg = Debug|Any CPU
		{170F520A-43CE-4D2C-8E2A-A8E899782162}.Debug|Any CPU.Build.0 = Debug|Any CPU
		{170F520A-43CE-4D2C-8E2A-A8E899782162}.Release|Any CPU.ActiveCfg = Release|Any CPU
		{170F520A-43CE-4D2C-8E2A-A8E899782162}.Release|Any CPU.Build.0 = Release|Any CPU
		{071FF408-A86D-45A1-AC44-C4B736A6F4B8}.Debug|Any CPU.ActiveCfg = Debug|Any CPU
		{071FF408-A86D-45A1-AC44-C4B736A6F4B8}.Debug|Any CPU.Build.0 = Debug|Any CPU
		{071FF408-A86D-45A1-AC44-C4B736A6F4B8}.Release|Any CPU.ActiveCfg = Release|Any CPU
		{071FF408-A86D-45A1-AC44-C4B736A6F4B8}.Release|Any CPU.Build.0 = Release|Any CPU
		{E1D318DF-C903-4185-9443-4E0C9B97EFF3}.Debug|Any CPU.ActiveCfg = Debug|Any CPU
		{E1D318DF-C903-4185-9443-4E0C9B97EFF3}.Debug|Any CPU.Build.0 = Debug|Any CPU
		{E1D318DF-C903-4185-9443-4E0C9B97EFF3}.Release|Any CPU.ActiveCfg = Release|Any CPU
		{E1D318DF-C903-4185-9443-4E0C9B97EFF3}.Release|Any CPU.Build.0 = Release|Any CPU
		{269BDB7D-BB5A-4D1C-BBFF-23AEF9E119A2}.Debug|Any CPU.ActiveCfg = Debug|Any CPU
		{269BDB7D-BB5A-4D1C-BBFF-23AEF9E119A2}.Debug|Any CPU.Build.0 = Debug|Any CPU
		{269BDB7D-BB5A-4D1C-BBFF-23AEF9E119A2}.Release|Any CPU.ActiveCfg = Release|Any CPU
		{269BDB7D-BB5A-4D1C-BBFF-23AEF9E119A2}.Release|Any CPU.Build.0 = Release|Any CPU
	EndGlobalSection
	GlobalSection(SolutionProperties) = preSolution
		HideSolutionNode = FALSE
	EndGlobalSection
	GlobalSection(ExtensibilityGlobals) = postSolution
		SolutionGuid = {74C16877-9D2B-42A7-87F8-541CCFF52661}
	EndGlobalSection
EndGlobal
